
Microsoft Visual Studio Solution File, Format Version 12.00
# Visual Studio Version 17
VisualStudioVersion = 17.0.32112.339
MinimumVisualStudioVersion = 10.0.40219.1
Project("{2150E333-8FDC-42A3-9474-1A3956D46DE8}") = "services", "services", "{ED0A7918-04FA-4040-B641-4CA249074083}"
EndProject
Project("{9A19103F-16F7-4668-BE54-9A1E7A4F7556}") = "Tasky.Administration.HttpApi.Host", "services\administration\host\Tasky.Administration.HttpApi.Host\Tasky.Administration.HttpApi.Host.csproj", "{CADB7619-5AB5-46D1-84C4-7EEDFD18509F}"
EndProject
Project("{9A19103F-16F7-4668-BE54-9A1E7A4F7556}") = "Tasky.IdentityService.HttpApi.Host", "services\identity\host\Tasky.IdentityService.HttpApi.Host\Tasky.IdentityService.HttpApi.Host.csproj", "{1D43BBF7-CB00-4D5B-9846-8BE2FA479F47}"
EndProject
Project("{9A19103F-16F7-4668-BE54-9A1E7A4F7556}") = "Tasky.SaaS.HttpApi.Host", "services\saas\host\Tasky.SaaS.HttpApi.Host\Tasky.SaaS.HttpApi.Host.csproj", "{C4CCD733-6236-4A1B-8F1A-C9315CD43A16}"
EndProject
Project("{2150E333-8FDC-42A3-9474-1A3956D46DE8}") = "shared", "shared", "{140ED621-3D93-4523-8B62-BE6850E04698}"
EndProject
Project("{2150E333-8FDC-42A3-9474-1A3956D46DE8}") = "apps", "apps", "{79065DE8-D7FB-40A5-980B-A0841A208B38}"
EndProject
Project("{2150E333-8FDC-42A3-9474-1A3956D46DE8}") = "administration", "administration", "{41A0F838-9326-4CF7-BD2D-341017988953}"
EndProject
Project("{2150E333-8FDC-42A3-9474-1A3956D46DE8}") = "sass", "sass", "{5F5DCA12-3FCD-4BCA-81A1-E0989757A660}"
EndProject
Project("{2150E333-8FDC-42A3-9474-1A3956D46DE8}") = "identity", "identity", "{80C4C128-1F05-4376-9E2D-855D11FEE650}"
EndProject
Project("{2150E333-8FDC-42A3-9474-1A3956D46DE8}") = "project", "project", "{2851429B-E91C-4710-B415-10A6DB96EE73}"
EndProject
Project("{9A19103F-16F7-4668-BE54-9A1E7A4F7556}") = "Tasky.Projects.HttpApi.Host", "services\projects\host\Tasky.Projects.HttpApi.Host\Tasky.Projects.HttpApi.Host.csproj", "{662AD7C0-D8A9-41FE-81C2-D14E09E0E625}"
EndProject
Project("{9A19103F-16F7-4668-BE54-9A1E7A4F7556}") = "Tasky.Projects.Application", "services\projects\src\Tasky.Projects.Application\Tasky.Projects.Application.csproj", "{5EBB7912-EC1B-4F51-BBD3-E9B1596E9943}"
EndProject
Project("{9A19103F-16F7-4668-BE54-9A1E7A4F7556}") = "Tasky.Projects.Application.Contracts", "services\projects\src\Tasky.Projects.Application.Contracts\Tasky.Projects.Application.Contracts.csproj", "{237EA072-8CEB-4FE3-8D06-3911EBD9BF05}"
EndProject
Project("{9A19103F-16F7-4668-BE54-9A1E7A4F7556}") = "Tasky.Projects.Domain", "services\projects\src\Tasky.Projects.Domain\Tasky.Projects.Domain.csproj", "{C5BD5540-6773-4494-82BB-F10A9FAEAAE5}"
EndProject
Project("{9A19103F-16F7-4668-BE54-9A1E7A4F7556}") = "Tasky.Projects.Domain.Shared", "services\projects\src\Tasky.Projects.Domain.Shared\Tasky.Projects.Domain.Shared.csproj", "{2D2505D8-8539-4C1A-99B8-F25A88C47129}"
EndProject
Project("{9A19103F-16F7-4668-BE54-9A1E7A4F7556}") = "Tasky.Projects.EntityFrameworkCore", "services\projects\src\Tasky.Projects.EntityFrameworkCore\Tasky.Projects.EntityFrameworkCore.csproj", "{8525C031-819E-4D4E-8374-30B5F48274AD}"
EndProject
Project("{9A19103F-16F7-4668-BE54-9A1E7A4F7556}") = "Tasky.Projects.HttpApi", "services\projects\src\Tasky.Projects.HttpApi\Tasky.Projects.HttpApi.csproj", "{0D121C5F-22C8-4657-B43E-9C8B34A4C41E}"
EndProject
Global
	GlobalSection(SolutionConfigurationPlatforms) = preSolution
		Debug|Any CPU = Debug|Any CPU
		Release|Any CPU = Release|Any CPU
	EndGlobalSection
	GlobalSection(ProjectConfigurationPlatforms) = postSolution
		{CADB7619-5AB5-46D1-84C4-7EEDFD18509F}.Debug|Any CPU.ActiveCfg = Debug|Any CPU
		{CADB7619-5AB5-46D1-84C4-7EEDFD18509F}.Debug|Any CPU.Build.0 = Debug|Any CPU
		{CADB7619-5AB5-46D1-84C4-7EEDFD18509F}.Release|Any CPU.ActiveCfg = Release|Any CPU
		{CADB7619-5AB5-46D1-84C4-7EEDFD18509F}.Release|Any CPU.Build.0 = Release|Any CPU
		{1D43BBF7-CB00-4D5B-9846-8BE2FA479F47}.Debug|Any CPU.ActiveCfg = Debug|Any CPU
		{1D43BBF7-CB00-4D5B-9846-8BE2FA479F47}.Debug|Any CPU.Build.0 = Debug|Any CPU
		{1D43BBF7-CB00-4D5B-9846-8BE2FA479F47}.Release|Any CPU.ActiveCfg = Release|Any CPU
		{1D43BBF7-CB00-4D5B-9846-8BE2FA479F47}.Release|Any CPU.Build.0 = Release|Any CPU
		{C4CCD733-6236-4A1B-8F1A-C9315CD43A16}.Debug|Any CPU.ActiveCfg = Debug|Any CPU
		{C4CCD733-6236-4A1B-8F1A-C9315CD43A16}.Debug|Any CPU.Build.0 = Debug|Any CPU
		{C4CCD733-6236-4A1B-8F1A-C9315CD43A16}.Release|Any CPU.ActiveCfg = Release|Any CPU
		{C4CCD733-6236-4A1B-8F1A-C9315CD43A16}.Release|Any CPU.Build.0 = Release|Any CPU
		{662AD7C0-D8A9-41FE-81C2-D14E09E0E625}.Debug|Any CPU.ActiveCfg = Debug|Any CPU
		{662AD7C0-D8A9-41FE-81C2-D14E09E0E625}.Debug|Any CPU.Build.0 = Debug|Any CPU
		{662AD7C0-D8A9-41FE-81C2-D14E09E0E625}.Release|Any CPU.ActiveCfg = Release|Any CPU
		{662AD7C0-D8A9-41FE-81C2-D14E09E0E625}.Release|Any CPU.Build.0 = Release|Any CPU
		{5EBB7912-EC1B-4F51-BBD3-E9B1596E9943}.Debug|Any CPU.ActiveCfg = Debug|Any CPU
		{5EBB7912-EC1B-4F51-BBD3-E9B1596E9943}.Debug|Any CPU.Build.0 = Debug|Any CPU
		{5EBB7912-EC1B-4F51-BBD3-E9B1596E9943}.Release|Any CPU.ActiveCfg = Release|Any CPU
		{5EBB7912-EC1B-4F51-BBD3-E9B1596E9943}.Release|Any CPU.Build.0 = Release|Any CPU
		{237EA072-8CEB-4FE3-8D06-3911EBD9BF05}.Debug|Any CPU.ActiveCfg = Debug|Any CPU
		{237EA072-8CEB-4FE3-8D06-3911EBD9BF05}.Debug|Any CPU.Build.0 = Debug|Any CPU
		{237EA072-8CEB-4FE3-8D06-3911EBD9BF05}.Release|Any CPU.ActiveCfg = Release|Any CPU
		{237EA072-8CEB-4FE3-8D06-3911EBD9BF05}.Release|Any CPU.Build.0 = Release|Any CPU
		{C5BD5540-6773-4494-82BB-F10A9FAEAAE5}.Debug|Any CPU.ActiveCfg = Debug|Any CPU
		{C5BD5540-6773-4494-82BB-F10A9FAEAAE5}.Debug|Any CPU.Build.0 = Debug|Any CPU
		{C5BD5540-6773-4494-82BB-F10A9FAEAAE5}.Release|Any CPU.ActiveCfg = Release|Any CPU
		{C5BD5540-6773-4494-82BB-F10A9FAEAAE5}.Release|Any CPU.Build.0 = Release|Any CPU
		{2D2505D8-8539-4C1A-99B8-F25A88C47129}.Debug|Any CPU.ActiveCfg = Debug|Any CPU
		{2D2505D8-8539-4C1A-99B8-F25A88C47129}.Debug|Any CPU.Build.0 = Debug|Any CPU
		{2D2505D8-8539-4C1A-99B8-F25A88C47129}.Release|Any CPU.ActiveCfg = Release|Any CPU
		{2D2505D8-8539-4C1A-99B8-F25A88C47129}.Release|Any CPU.Build.0 = Release|Any CPU
		{8525C031-819E-4D4E-8374-30B5F48274AD}.Debug|Any CPU.ActiveCfg = Debug|Any CPU
		{8525C031-819E-4D4E-8374-30B5F48274AD}.Debug|Any CPU.Build.0 = Debug|Any CPU
		{8525C031-819E-4D4E-8374-30B5F48274AD}.Release|Any CPU.ActiveCfg = Release|Any CPU
		{8525C031-819E-4D4E-8374-30B5F48274AD}.Release|Any CPU.Build.0 = Release|Any CPU
		{0D121C5F-22C8-4657-B43E-9C8B34A4C41E}.Debug|Any CPU.ActiveCfg = Debug|Any CPU
		{0D121C5F-22C8-4657-B43E-9C8B34A4C41E}.Debug|Any CPU.Build.0 = Debug|Any CPU
		{0D121C5F-22C8-4657-B43E-9C8B34A4C41E}.Release|Any CPU.ActiveCfg = Release|Any CPU
		{0D121C5F-22C8-4657-B43E-9C8B34A4C41E}.Release|Any CPU.Build.0 = Release|Any CPU
	EndGlobalSection
	GlobalSection(SolutionProperties) = preSolution
		HideSolutionNode = FALSE
	EndGlobalSection
	GlobalSection(NestedProjects) = preSolution
		{CADB7619-5AB5-46D1-84C4-7EEDFD18509F} = {41A0F838-9326-4CF7-BD2D-341017988953}
		{1D43BBF7-CB00-4D5B-9846-8BE2FA479F47} = {80C4C128-1F05-4376-9E2D-855D11FEE650}
		{C4CCD733-6236-4A1B-8F1A-C9315CD43A16} = {5F5DCA12-3FCD-4BCA-81A1-E0989757A660}
		{41A0F838-9326-4CF7-BD2D-341017988953} = {ED0A7918-04FA-4040-B641-4CA249074083}
		{5F5DCA12-3FCD-4BCA-81A1-E0989757A660} = {ED0A7918-04FA-4040-B641-4CA249074083}
		{80C4C128-1F05-4376-9E2D-855D11FEE650} = {ED0A7918-04FA-4040-B641-4CA249074083}
		{2851429B-E91C-4710-B415-10A6DB96EE73} = {ED0A7918-04FA-4040-B641-4CA249074083}
		{662AD7C0-D8A9-41FE-81C2-D14E09E0E625} = {2851429B-E91C-4710-B415-10A6DB96EE73}
		{5EBB7912-EC1B-4F51-BBD3-E9B1596E9943} = {2851429B-E91C-4710-B415-10A6DB96EE73}
		{237EA072-8CEB-4FE3-8D06-3911EBD9BF05} = {2851429B-E91C-4710-B415-10A6DB96EE73}
		{C5BD5540-6773-4494-82BB-F10A9FAEAAE5} = {2851429B-E91C-4710-B415-10A6DB96EE73}
		{2D2505D8-8539-4C1A-99B8-F25A88C47129} = {2851429B-E91C-4710-B415-10A6DB96EE73}
		{8525C031-819E-4D4E-8374-30B5F48274AD} = {2851429B-E91C-4710-B415-10A6DB96EE73}
		{0D121C5F-22C8-4657-B43E-9C8B34A4C41E} = {2851429B-E91C-4710-B415-10A6DB96EE73}
	EndGlobalSection
	GlobalSection(ExtensibilityGlobals) = postSolution
		SolutionGuid = {ECFA44F4-824C-4405-82F5-F62F2DCBCD5E}
	EndGlobalSection
EndGlobal
