# THIS IS AN AUTOGENERATED FILE. DO NOT EDIT THIS FILE DIRECTLY.
# yarn lockfile v1


"@abp/aspnetcore.mvc.ui.theme.leptonxlite@~4.0.0":
  version "4.0.0"
  resolved "https://registry.yarnpkg.com/@abp/aspnetcore.mvc.ui.theme.leptonxlite/-/aspnetcore.mvc.ui.theme.leptonxlite-4.0.0.tgz#97f3bc05ae1679a9a8184eff01df45f158fd03bd"
  integrity sha512-JLwFXL6JT0Hf+0QYwjyRqE/Ehvrh2U6cEvvw8s1huaOfRk6R38NkuzrB8beJuHd77O2pxt9oE+N1/luQj72JEA==
  dependencies:
    "@abp/aspnetcore.mvc.ui.theme.shared" "~9.0.0"

"@abp/aspnetcore.mvc.ui.theme.shared@~9.0.0":
  version "9.0.0"
  resolved "https://registry.yarnpkg.com/@abp/aspnetcore.mvc.ui.theme.shared/-/aspnetcore.mvc.ui.theme.shared-9.0.0.tgz#a77b4b70fa6217146afd6a57211f57e2360564f2"
  integrity sha512-QmZrSp+rfqfnC9W4QZ+nNdAq0rOALzRn1rsDpGDHhIHwyXB03QPdjzIWaEvldUYHzqg84cEP0LcqW4y57Xr1iw==
  dependencies:
    "@abp/aspnetcore.mvc.ui" "~9.0.0"
    "@abp/bootstrap" "~9.0.0"
    "@abp/bootstrap-datepicker" "~9.0.0"
    "@abp/bootstrap-daterangepicker" "~9.0.0"
    "@abp/datatables.net-bs5" "~9.0.0"
    "@abp/font-awesome" "~9.0.0"
    "@abp/jquery-form" "~9.0.0"
    "@abp/jquery-validation-unobtrusive" "~9.0.0"
    "@abp/lodash" "~9.0.0"
    "@abp/luxon" "~9.0.0"
    "@abp/malihu-custom-scrollbar-plugin" "~9.0.0"
    "@abp/moment" "~9.0.0"
    "@abp/select2" "~9.0.0"
    "@abp/sweetalert2" "~9.0.0"
    "@abp/timeago" "~9.0.0"
    "@abp/toastr" "~9.0.0"

"@abp/aspnetcore.mvc.ui@~9.0.0":
  version "9.0.0"
  resolved "https://registry.yarnpkg.com/@abp/aspnetcore.mvc.ui/-/aspnetcore.mvc.ui-9.0.0.tgz#93004dd056c130386c7b40c458f3a793d8c9e051"
  integrity sha512-pvO5bh9baFcSbfW0s7tpMpbe6DKSC16jeyeluZLlvYxC0n2gkrv7H/hB5aMuBKIlh89aGY9DQIcMFC8iczL3Bg==
  dependencies:
    ansi-colors "^4.1.3"

"@abp/bootstrap-datepicker@~9.0.0":
  version "9.0.0"
  resolved "https://registry.yarnpkg.com/@abp/bootstrap-datepicker/-/bootstrap-datepicker-9.0.0.tgz#d6609e50568aac6a013abfcaa07817998e1eaa99"
  integrity sha512-wxAeVsOVOJpidDn0g3FlJvpOsn5SVY5IpEG+FtUxSAKuWYJQWF6g5CaghrfS+FNDK9IHhxrgSMPMVBK9YlDSzw==
  dependencies:
    bootstrap-datepicker "^1.10.0"

"@abp/bootstrap-daterangepicker@~9.0.0":
  version "9.0.0"
  resolved "https://registry.yarnpkg.com/@abp/bootstrap-daterangepicker/-/bootstrap-daterangepicker-9.0.0.tgz#fc2871e7d886accd8e4748cb763b695e10701c00"
  integrity sha512-qS6SQR6X7wMCVLcuXatJ2+m1GNlpN71p7VDritxfwAMHa7WBRAAi8apX2WItwBAuLQ2s1uSA0Wp1KstHG3VPLA==
  dependencies:
    bootstrap-daterangepicker "^3.1.0"

"@abp/bootstrap@~9.0.0":
  version "9.0.0"
  resolved "https://registry.yarnpkg.com/@abp/bootstrap/-/bootstrap-9.0.0.tgz#5ab292e95ba7eef129cbaa1dc5f5d5c0af8530d7"
  integrity sha512-jEr6su8BfoNxYvze/UlddE3DlezyPvQeiNhff8SDPqtRQ6XvjZ48O/JwtY01hK2njEDLOZINY5zJRGmO2OiOUw==
  dependencies:
    "@abp/core" "~9.0.0"
    bootstrap "^5.3.3"

"@abp/core@~9.0.0":
  version "9.0.0"
  resolved "https://registry.yarnpkg.com/@abp/core/-/core-9.0.0.tgz#dc5ea9139957e307f73ac1f40b179f991e3c2168"
  integrity sha512-vzQyTpqVDx63pOI9e2QLUMWZCrSojHsRnzLlvl+/cKFi7jE1q/uSP66FPR2bwkD+DNLI/tn6is1Jx3skKA1FvA==
  dependencies:
    "@abp/utils" "~9.0.0"

"@abp/datatables.net-bs5@~9.0.0":
  version "9.0.0"
  resolved "https://registry.yarnpkg.com/@abp/datatables.net-bs5/-/datatables.net-bs5-9.0.0.tgz#4daee90bdb6446e854ce65f2a3afabb2a13e49ae"
  integrity sha512-ln10tcRwxcB0nuSgqJ/66strHsqMHDC03c0ktxEplAN34yP7KInjFf/U9Svo74K0nKlkJdMCgmqmT4CnBJZlIg==
  dependencies:
    "@abp/datatables.net" "~9.0.0"
    datatables.net-bs5 "^2.1.8"

"@abp/datatables.net@~9.0.0":
  version "9.0.0"
  resolved "https://registry.yarnpkg.com/@abp/datatables.net/-/datatables.net-9.0.0.tgz#82b28518293c9091ec72d5defae2f5d2903d8bbc"
  integrity sha512-QhuX3bGZOckM/fhIIGj/StMJIX2BBtNbLzjTR7WnKMMxDkv0+oDvjw6OqqpYKSvj/q3vY6sRWuCNdEzNi0Fk6A==
  dependencies:
    "@abp/jquery" "~9.0.0"
    datatables.net "^2.1.8"

"@abp/font-awesome@~9.0.0":
  version "9.0.0"
  resolved "https://registry.yarnpkg.com/@abp/font-awesome/-/font-awesome-9.0.0.tgz#51cce18434a51d050ebb0d822a8c193b7e32f73d"
  integrity sha512-bEHRVzOk0V2kFMAvB/YXFYaDKWRFO0+ScO7jrEFtFgdHXBcqy+dk1aM/N69WalyNmjRRpnh03GhH1LRpwL4/xA==
  dependencies:
    "@abp/core" "~9.0.0"
    "@fortawesome/fontawesome-free" "^6.6.0"

"@abp/jquery-form@~9.0.0":
  version "9.0.0"
  resolved "https://registry.yarnpkg.com/@abp/jquery-form/-/jquery-form-9.0.0.tgz#6518eb117ee35c6bc57543fd1fccb0a8cf8e22f4"
  integrity sha512-6qpfPGHrjADmm7Ne3zcXBGPuLngG8ldAn5fk9k2taftpyX0iR67/nZxiQ0ujaQGgaai5Wb3imNXMG96XLnubkQ==
  dependencies:
    "@abp/jquery" "~9.0.0"
    jquery-form "^4.3.0"

"@abp/jquery-validation-unobtrusive@~9.0.0":
  version "9.0.0"
  resolved "https://registry.yarnpkg.com/@abp/jquery-validation-unobtrusive/-/jquery-validation-unobtrusive-9.0.0.tgz#8ee87dbdec5e92ab04ae9642a49af1598af31c1a"
  integrity sha512-KlRQ1htyFmAIMS9xbHvHIcdhAgtPFe/u7c87MiWlk/CdhDrI3J+n5biLvQUzxCC+YWlwx27zBtPKx2vLeMRH6Q==
  dependencies:
    "@abp/jquery-validation" "~9.0.0"
    jquery-validation-unobtrusive "^4.0.0"

"@abp/jquery-validation@~9.0.0":
  version "9.0.0"
  resolved "https://registry.yarnpkg.com/@abp/jquery-validation/-/jquery-validation-9.0.0.tgz#681d8037c57b3875bd51c927e350ffce65d7c5d2"
  integrity sha512-XgCUBFWbhTDcGepD/xkwA/1Hl4TyYitRttauDJk3tuyXhNtykvdugCCOPY4j2s6VoT1Sb/TFFvOcgEvlBwkKiw==
  dependencies:
    "@abp/jquery" "~9.0.0"
    jquery-validation "^1.21.0"

"@abp/jquery@~9.0.0":
  version "9.0.0"
  resolved "https://registry.yarnpkg.com/@abp/jquery/-/jquery-9.0.0.tgz#6c67a9f927be598ab6201f8888e8a3cb8bba0686"
  integrity sha512-cUXA7v6F1HqAc/w8fQGxHIfA/6BqO+4uHXDnSsJZtrI26DTLOgw5kBNnAz2W4xggGPCY7SKFHNRZuOW/QfVRPg==
  dependencies:
    "@abp/core" "~9.0.0"
    jquery "~3.7.1"

"@abp/lodash@~9.0.0":
  version "9.0.0"
  resolved "https://registry.yarnpkg.com/@abp/lodash/-/lodash-9.0.0.tgz#a4d42b2dfeb37859ff9f0079c7a8a6cabc982efe"
  integrity sha512-xoAsOkkgnQdPH2OyFTgF6OlCLVbyGF4u8CrFcZWCZmuIFT9cg0+ZEiq//Vog1pg3Lf//N37ceGpOag1LwMe6cQ==
  dependencies:
    "@abp/core" "~9.0.0"
    lodash "^4.17.21"

"@abp/luxon@~9.0.0":
  version "9.0.0"
  resolved "https://registry.yarnpkg.com/@abp/luxon/-/luxon-9.0.0.tgz#a54dda13cbbd362481994d20d2e07c669c6ce109"
  integrity sha512-aPejQnoVPfm60LnjwhfUkIsB+poNWusrBE0IHllxhvOVE+01nfa1Lvpp5AUWzV+XchPGOCSf+a29ds4EQWfNbg==
  dependencies:
    "@abp/core" "~9.0.0"
    luxon "^3.5.0"

"@abp/malihu-custom-scrollbar-plugin@~9.0.0":
  version "9.0.0"
  resolved "https://registry.yarnpkg.com/@abp/malihu-custom-scrollbar-plugin/-/malihu-custom-scrollbar-plugin-9.0.0.tgz#b8a49202d531c711874a2bcdae5081ae0ed34c3f"
  integrity sha512-iSZ9lKMnv5F2SplR+A4blhFEDq79lKbvBQuS7h/Di3KEHFOdJY4pA8NP8OR+PXOF3JfAezGyjqy7ydn/JNPRwA==
  dependencies:
    "@abp/core" "~9.0.0"
    malihu-custom-scrollbar-plugin "^3.1.5"

"@abp/moment@~9.0.0":
  version "9.0.0"
  resolved "https://registry.yarnpkg.com/@abp/moment/-/moment-9.0.0.tgz#9583e97472ddf608a9a5a6b8a37fee602b419900"
  integrity sha512-wgyJSKmBmHLXZJN3dy3zK4i2JvWGgqnvdtrKURy/raEurxlymv8JF5JA971kTv6Kz2OA/OSYttpVJkDGUpPAhA==
  dependencies:
    moment "^2.30.1"

"@abp/select2@~9.0.0":
  version "9.0.0"
  resolved "https://registry.yarnpkg.com/@abp/select2/-/select2-9.0.0.tgz#71503eebb746f40a0e565dba1efa05d6ae937b77"
  integrity sha512-l+Hz2Qmc7AcyaTJOyuDaV99RbBWYxYxbeyVEc4xKbRFbJxYBUxT/DFlyozEaoz+OU1fl4szO3UCthJ2yZvxCdg==
  dependencies:
    "@abp/core" "~9.0.0"
    select2 "^4.0.13"

"@abp/sweetalert2@~9.0.0":
  version "9.0.0"
  resolved "https://registry.yarnpkg.com/@abp/sweetalert2/-/sweetalert2-9.0.0.tgz#71e511117c18b515e5c658e9cc0667770af65d91"
  integrity sha512-wxDqoA6RUhkbcN27Kzslu/m2ai5T9AkJRtgs7pV55LvPv1ohuCPEUeTVVh8S/5Pgmr7aPFAPxaaCO32aPcImPw==
  dependencies:
    "@abp/core" "~9.0.0"
    sweetalert2 "^11.14.1"

"@abp/timeago@~9.0.0":
  version "9.0.0"
  resolved "https://registry.yarnpkg.com/@abp/timeago/-/timeago-9.0.0.tgz#8f262ba2a74e1c133d0c129f8a0bc55c29441e1a"
  integrity sha512-eaNdIUEtDXnuYqS5O7EGRV+j6XOLAsxz7gd5BIKR9lDujd8pEjSJkXKO+/0KxLTkUSy3JudIO37K1h2wTpbYZA==
  dependencies:
    "@abp/jquery" "~9.0.0"
    timeago "^1.6.7"

"@abp/toastr@~9.0.0":
  version "9.0.0"
  resolved "https://registry.yarnpkg.com/@abp/toastr/-/toastr-9.0.0.tgz#74d74ecb3e7f2d63b2ff7735c89a40deb3dc3a13"
  integrity sha512-n9uJvw8l2HoxeowPO4diEMxwchGh6puefhyRljFAAstzK77Mhn0u2J7kPynNv94rLSYTYoCxUeJ4TTN+/TVDGQ==
  dependencies:
    "@abp/jquery" "~9.0.0"
    toastr "^2.1.4"

"@abp/utils@~9.0.0":
  version "9.0.0"
  resolved "https://registry.yarnpkg.com/@abp/utils/-/utils-9.0.0.tgz#2264fd83105b061860edd98dbe0efdfe55803ed5"
  integrity sha512-/SB4VYk3Av+ltXv6ovkFHG4iWiECLLitaYWcEHxVAO80ufNjrNnWpHFpXHP8u/RpXIp/CoNiHLr6j5TkZUTZjw==
  dependencies:
    just-compare "^2.3.0"

"@fortawesome/fontawesome-free@^6.6.0":
  version "6.7.1"
  resolved "https://npm.fontawesome.com/@fortawesome/fontawesome-free/-/6.7.1/fontawesome-free-6.7.1.tgz#160a48730d533ec77578ed0141661a8f0150a71d"
  integrity sha512-ALIk/MOh5gYe1TG/ieS5mVUsk7VUIJTJKPMK9rFFqOgfp0Q3d5QiBXbcOMwUvs37fyZVCz46YjOE6IFeOAXCHA==

ansi-colors@^4.1.3:
  version "4.1.3"
  resolved "https://registry.yarnpkg.com/ansi-colors/-/ansi-colors-4.1.3.tgz#37611340eb2243e70cc604cad35d63270d48781b"
  integrity sha512-/6w/C21Pm1A7aZitlI5Ni/2J6FFQN8i1Cvz3kHABAAbw93v/NlvKdVOqz7CCWz/3iv/JplRSEEZ83XION15ovw==

bootstrap-datepicker@^1.10.0:
  version "1.10.0"
  resolved "https://registry.yarnpkg.com/bootstrap-datepicker/-/bootstrap-datepicker-1.10.0.tgz#61612bbe8bf0a69a5bce32bbcdda93ebb6ccf24a"
  integrity sha512-lWxtSYddAQOpbAO8UhYhHLcK6425eWoSjb5JDvZU3ePHEPF6A3eUr51WKaFy4PccU19JRxUG6wEU3KdhtKfvpg==
  dependencies:
    jquery ">=3.4.0 <4.0.0"

bootstrap-daterangepicker@^3.1.0:
  version "3.1.0"
  resolved "https://registry.yarnpkg.com/bootstrap-daterangepicker/-/bootstrap-daterangepicker-3.1.0.tgz#632e6fb2de4b6360c5c0a9d5f6adb9aace051fe8"
  integrity sha512-oaQZx6ZBDo/dZNyXGVi2rx5GmFXThyQLAxdtIqjtLlYVaQUfQALl5JZMJJZzyDIX7blfy4ppZPAJ10g8Ma4d/g==
  dependencies:
    jquery ">=1.10"
    moment "^2.9.0"

bootstrap@^5.3.3:
  version "5.3.3"
  resolved "https://registry.yarnpkg.com/bootstrap/-/bootstrap-5.3.3.tgz#de35e1a765c897ac940021900fcbb831602bac38"
  integrity sha512-8HLCdWgyoMguSO9o+aH+iuZ+aht+mzW0u3HIMzVu7Srrpv7EBBxTnrFlSCskwdY1+EOFQSm7uMJhNQHkdPcmjg==

datatables.net-bs5@^2.1.8:
  version "2.1.8"
  resolved "https://registry.yarnpkg.com/datatables.net-bs5/-/datatables.net-bs5-2.1.8.tgz#860717c4ee85ecb84812ba9a73fb1204aa2a68b6"
  integrity sha512-YlGws8eI3iw/1AmKJH18+YMzm/UgGb6o9s14KAC24QT1/8anolm8GnVAgGcwUcvHm3hn1i8A5QXqgbqeMRINeg==
  dependencies:
    datatables.net "2.1.8"
    jquery ">=1.7"

datatables.net@2.1.8, datatables.net@^2.1.8:
  version "2.1.8"
  resolved "https://registry.yarnpkg.com/datatables.net/-/datatables.net-2.1.8.tgz#9b020f18e927cc924d72411f62dc595cc688669b"
  integrity sha512-47ULt+U4bcjbuGTpTlT6SnCuSFVRBxxdWa6X3NfvTObBJ2BZU0o+JUIl05wQ6cABNIavjbAV51gpgvFsMHL9zA==
  dependencies:
    jquery ">=1.7"

jquery-form@^4.3.0:
  version "4.3.0"
  resolved "https://registry.yarnpkg.com/jquery-form/-/jquery-form-4.3.0.tgz#7d3961c314a1f2d15298f4af1d3943f54f4149c6"
  integrity sha512-q3uaVCEWdLOYUCI6dpNdwf/7cJFOsUgdpq6r0taxtGQ5NJSkOzofyWm4jpOuJ5YxdmL1FI5QR+q+HB63HHLGnQ==
  dependencies:
    jquery ">=1.7.2"

jquery-mousewheel@>=3.0.6:
  version "3.1.13"
  resolved "https://registry.yarnpkg.com/jquery-mousewheel/-/jquery-mousewheel-3.1.13.tgz#06f0335f16e353a695e7206bf50503cb523a6ee5"
  integrity sha512-GXhSjfOPyDemM005YCEHvzrEALhKDIswtxSHSR2e4K/suHVJKJxxRCGz3skPjNxjJjQa9AVSGGlYjv1M3VLIPg==

jquery-validation-unobtrusive@^4.0.0:
  version "4.0.0"
  resolved "https://registry.yarnpkg.com/jquery-validation-unobtrusive/-/jquery-validation-unobtrusive-4.0.0.tgz#dfcf25a558496a2c883db6021d10f5398d15f99d"
  integrity sha512-1ervYFFv6LX/rp7ktuLnMakHNG0piNRDyROI8Ir3hL1vPIwylAehB1AY3BPrYJnzW3WmwWryZq+Bz4sazZK9iQ==
  dependencies:
    jquery "^3.6.0"
    jquery-validation ">=1.19"

jquery-validation@>=1.19, jquery-validation@^1.21.0:
  version "1.21.0"
  resolved "https://registry.yarnpkg.com/jquery-validation/-/jquery-validation-1.21.0.tgz#78fc05ab76020912a246af3661b3f54a438bca93"
  integrity sha512-xNot0rlUIgu7duMcQ5qb6MGkGL/Z1PQaRJQoZAURW9+a/2PGOUxY36o/WyNeP2T9R6jvWB8Z9lUVvvQWI/Zs5w==

jquery@>=1.10:
  version "3.6.3"
  resolved "https://registry.yarnpkg.com/jquery/-/jquery-3.6.3.tgz#23ed2ffed8a19e048814f13391a19afcdba160e6"
  integrity sha512-bZ5Sy3YzKo9Fyc8wH2iIQK4JImJ6R0GWI9kL1/k7Z91ZBNgkRXE6U0JfHIizZbort8ZunhSI3jw9I6253ahKfg==

jquery@>=1.12.0, "jquery@>=1.5.0 <4.0", jquery@>=1.7, jquery@>=1.7.2:
  version "3.6.1"
  resolved "https://registry.yarnpkg.com/jquery/-/jquery-3.6.1.tgz#fab0408f8b45fc19f956205773b62b292c147a16"
  integrity sha512-opJeO4nCucVnsjiXOE+/PcCgYw9Gwpvs/a6B1LL/lQhwWwpbVEVYDZ1FokFr8PRc7ghYlrFPuyHuiiDNTQxmcw==

"jquery@>=3.4.0 <4.0.0", jquery@^3.6.0, jquery@~3.7.1:
  version "3.7.1"
  resolved "https://registry.yarnpkg.com/jquery/-/jquery-3.7.1.tgz#083ef98927c9a6a74d05a6af02806566d16274de"
  integrity sha512-m4avr8yL8kmFN8psrbFFFmB/If14iN5o9nw/NgnnM+kybDJpRsAynV2BsfpTYrTRysYUdADVD7CkUUizgkpLfg==

just-compare@^2.3.0:
  version "2.3.0"
  resolved "https://registry.yarnpkg.com/just-compare/-/just-compare-2.3.0.tgz#a2adcc1d1940536263275f5a1ef1298bcacfeda7"
  integrity sha512-6shoR7HDT+fzfL3gBahx1jZG3hWLrhPAf+l7nCwahDdT9XDtosB9kIF0ZrzUp5QY8dJWfQVr5rnsPqsbvflDzg==

lodash@^4.17.21:
  version "4.17.21"
  resolved "https://registry.yarnpkg.com/lodash/-/lodash-4.17.21.tgz#679591c564c3bffaae8454cf0b3df370c3d6911c"
  integrity sha512-v2kDEe57lecTulaDIuNTPy3Ry4gLGJ6Z1O3vE1krgXZNrsQ+LFTGHVxVjcXPs17LhbZVGedAJv8XZ1tvj5FvSg==

luxon@^3.5.0:
  version "3.5.0"
  resolved "https://registry.yarnpkg.com/luxon/-/luxon-3.5.0.tgz#6b6f65c5cd1d61d1fd19dbf07ee87a50bf4b8e20"
  integrity sha512-rh+Zjr6DNfUYR3bPwJEnuwDdqMbxZW7LOQfUN4B54+Cl+0o5zaU9RJ6bcidfDtC1cWCZXQ+nvX8bf6bAji37QQ==

malihu-custom-scrollbar-plugin@^3.1.5:
  version "3.1.5"
  resolved "https://registry.yarnpkg.com/malihu-custom-scrollbar-plugin/-/malihu-custom-scrollbar-plugin-3.1.5.tgz#310cecc5e59415a1c29e9dfb5d2b6e01d66a29ef"
  integrity sha512-lwW3LgI+CNDMPnP4ED2la6oYxWMkCXlnhex+s2wuOLhFDFGnGmQuTQVdRK9bvDLpxs10sGlfErVufJy9ztfgJQ==
  dependencies:
    jquery-mousewheel ">=3.0.6"

moment@^2.30.1:
  version "2.30.1"
  resolved "https://registry.yarnpkg.com/moment/-/moment-2.30.1.tgz#f8c91c07b7a786e30c59926df530b4eac96974ae"
  integrity sha512-uEmtNhbDOrWPFS+hdjFCBfy9f2YoyzRpwcl+DqpC6taX21FzsTLQVbMV/W7PzNSX6x/bhC1zA3c2UQ5NzH6how==

moment@^2.9.0:
  version "2.29.4"
  resolved "https://registry.yarnpkg.com/moment/-/moment-2.29.4.tgz#3dbe052889fe7c1b2ed966fcb3a77328964ef108"
  integrity sha512-5LC9SOxjSc2HF6vO2CyuTDNivEdoz2IvyJJGj6X8DJ0eFyfszE0QiEd+iXmBvUP3WHxSjFH/vIsA0EN00cgr8w==

select2@^4.0.13:
  version "4.0.13"
  resolved "https://registry.yarnpkg.com/select2/-/select2-4.0.13.tgz#0dbe377df3f96167c4c1626033e924372d8ef44d"
  integrity sha512-1JeB87s6oN/TDxQQYCvS5EFoQyvV6eYMZZ0AeA4tdFDYWN3BAGZ8npr17UBFddU0lgAt3H0yjX3X6/ekOj1yjw==

sweetalert2@^11.14.1:
  version "11.14.5"
  resolved "https://registry.yarnpkg.com/sweetalert2/-/sweetalert2-11.14.5.tgz#a3adf9d8c6c8eb8eacfd57e2261503f2181abb8d"
  integrity sha512-8MWk5uc/r6bWhiJWkUXyEuApfXAhSCZT8FFX7pZXL7YwaPxq+9Ynhi2dUzWkOFn9jvLjKj22CXuccZ+IHcnjvQ==

timeago@^1.6.7:
  version "1.6.7"
  resolved "https://registry.yarnpkg.com/timeago/-/timeago-1.6.7.tgz#afd467c29a911e697fc22a81888c7c3022783cb5"
  integrity sha512-FikcjN98+ij0siKH4VO4dZ358PR3oDDq4Vdl1+sN9gWz1/+JXGr3uZbUShYH/hL7bMhcTpPbplJU5Tej4b4jbQ==
  dependencies:
    jquery ">=1.5.0 <4.0"

toastr@^2.1.4:
  version "2.1.4"
  resolved "https://registry.yarnpkg.com/toastr/-/toastr-2.1.4.tgz#8b43be64fb9d0c414871446f2db8e8ca4e95f181"
  integrity sha512-LIy77F5n+sz4tefMmFOntcJ6HL0Fv3k1TDnNmFZ0bU/GcvIIfy6eG2v7zQmMiYgaalAiUv75ttFrPn5s0gyqlA==
  dependencies:
    jquery ">=1.12.0"
